
Microsoft Visual Studio Solution File, Format Version 12.00
# Visual Studio Version 16
VisualStudioVersion = 16.0.31702.278
MinimumVisualStudioVersion = 10.0.40219.1
Project("{FAE04EC0-301F-11D3-BF4B-00C04F79EFBC}") = "Functions", "Functions\Functions.csproj", "{8C88688E-3FC2-4CB4-A357-05A24636B98A}"
EndProject
Project("{FAE04EC0-301F-11D3-BF4B-00C04F79EFBC}") = "PassByRef", "PassByRef\PassByRef.csproj", "{C372D74C-3599-4CA9-B404-53FAAA31895B}"
EndProject
Global
	GlobalSection(SolutionConfigurationPlatforms) = preSolution
		Debug|Any CPU = Debug|Any CPU
		Release|Any CPU = Release|Any CPU
	EndGlobalSection
	GlobalSection(ProjectConfigurationPlatforms) = postSolution
		{8C88688E-3FC2-4CB4-A357-05A24636B98A}.Debug|Any CPU.ActiveCfg = Debug|Any CPU
		{8C88688E-3FC2-4CB4-A357-05A24636B98A}.Debug|Any CPU.Build.0 = Debug|Any CPU
		{8C88688E-3FC2-4CB4-A357-05A24636B98A}.Release|Any CPU.ActiveCfg = Release|Any CPU
		{8C88688E-3FC2-4CB4-A357-05A24636B98A}.Release|Any CPU.Build.0 = Release|Any CPU
		{C372D74C-3599-4CA9-B404-53FAAA31895B}.Debug|Any CPU.ActiveCfg = Debug|Any CPU
		{C372D74C-3599-4CA9-B404-53FAAA31895B}.Debug|Any CPU.Build.0 = Debug|Any CPU
		{C372D74C-3599-4CA9-B404-53FAAA31895B}.Release|Any CPU.ActiveCfg = Release|Any CPU
		{C372D74C-3599-4CA9-B404-53FAAA31895B}.Release|Any CPU.Build.0 = Release|Any CPU
	EndGlobalSection
	GlobalSection(SolutionProperties) = preSolution
		HideSolutionNode = FALSE
	EndGlobalSection
	GlobalSection(ExtensibilityGlobals) = postSolution
		SolutionGuid = {805D91D5-1CED-44E2-8B4E-D8A6F52AC68A}
	EndGlobalSection
EndGlobal
